
Microsoft Visual Studio Solution File, Format Version 12.00
# Visual Studio Version 16
VisualStudioVersion = 16.0.31424.327
MinimumVisualStudioVersion = 10.0.40219.1
Project("{9A19103F-16F7-4668-BE54-9A1E7A4F7556}") = "Infrastructure.Persistence.DAO.PersonneDAO.Interfaces", "Infrastructure.Persistence.DAO.PersonneDAO.Interfaces\Infrastructure.Persistence.DAO.PersonneDAO.Interfaces.csproj", "{AE1A19E9-3E4F-4FE8-9265-605C4D126C35}"
EndProject
Project("{9A19103F-16F7-4668-BE54-9A1E7A4F7556}") = "Infrastructure.Persistence.DAO.PersonneDAO", "Infrastructure.Persistence.DAO.PersonneDAO\Infrastructure.Persistence.DAO.PersonneDAO.csproj", "{7D8C6E66-1D70-4A5C-8277-7611FFA25CE9}"
EndProject
Project("{2150E333-8FDC-42A3-9474-1A3956D46DE8}") = "Infrastructure", "Infrastructure", "{D5B66B5C-4778-42BF-9642-07CE24DB69D4}"
EndProject
Project("{2150E333-8FDC-42A3-9474-1A3956D46DE8}") = "Persistence", "Persistence", "{DD3841A1-B7FA-4B10-8750-B486C97A43EA}"
EndProject
Project("{2150E333-8FDC-42A3-9474-1A3956D46DE8}") = "DAO", "DAO", "{7DDCF5E1-B9A9-4D0A-BDFE-777C3A78614D}"
EndProject
Project("{2150E333-8FDC-42A3-9474-1A3956D46DE8}") = "Personne", "Personne", "{C27482F5-518F-4323-81D7-331C455ACB1C}"
EndProject
Project("{2150E333-8FDC-42A3-9474-1A3956D46DE8}") = "Transverse", "Transverse", "{F8D9F6FD-6AF4-46DB-938A-32577C65FF23}"
EndProject
Project("{2150E333-8FDC-42A3-9474-1A3956D46DE8}") = "Infrastructure", "Infrastructure", "{1FD94A5E-2D3A-4DBA-A07E-8C804E91B9BB}"
EndProject
Project("{2150E333-8FDC-42A3-9474-1A3956D46DE8}") = "Persistence", "Persistence", "{27364494-8AB8-4F74-88C9-33B29E448CD9}"
EndProject
Project("{2150E333-8FDC-42A3-9474-1A3956D46DE8}") = "DB", "DB", "{EE8ADEAA-B53A-4A24-A4F9-FBC15456B8EE}"
EndProject
Project("{2150E333-8FDC-42A3-9474-1A3956D46DE8}") = "Sql", "Sql", "{7B66731E-7F99-40C6-9E06-9C8E5D2C7815}"
EndProject
Project("{9A19103F-16F7-4668-BE54-9A1E7A4F7556}") = "Transverse.Infrastructure.Persistence.DB.Sql.Interfaces", "Transverse.Infrastructure.Persistence.DB.Sql.Interfaces\Transverse.Infrastructure.Persistence.DB.Sql.Interfaces.csproj", "{3C9FAF92-E64E-43A2-B7BE-7549B7660264}"
EndProject
Project("{9A19103F-16F7-4668-BE54-9A1E7A4F7556}") = "Transverse.Infrastructure.Persistence.DB.Sql.Enums", "Transverse.Infrastructure.Persistence.DB.Sql.Enums\Transverse.Infrastructure.Persistence.DB.Sql.Enums.csproj", "{E76CE17A-E45B-42E9-9E95-85DC10663CC8}"
EndProject
Project("{9A19103F-16F7-4668-BE54-9A1E7A4F7556}") = "Transverse.Infrastructure.Persistence.DB.Sql", "Transverse.Infrastructure.Persistence.DB.Sql\Transverse.Infrastructure.Persistence.DB.Sql.csproj", "{EB7A3F69-FFEC-4F1F-BFB5-C8A42E52FD3D}"
EndProject
Project("{2150E333-8FDC-42A3-9474-1A3956D46DE8}") = "Server", "Server", "{DA1C0829-3317-4494-AE40-1A67501F8EC8}"
EndProject
Project("{9A19103F-16F7-4668-BE54-9A1E7A4F7556}") = "Transverse.Infrastructure.Server", "Transverse.Infrastructure.Server\Transverse.Infrastructure.Server.csproj", "{AF410027-CB6B-43F8-9400-331926C082D0}"
EndProject
Project("{2150E333-8FDC-42A3-9474-1A3956D46DE8}") = "Types", "Types", "{E636C238-5D1D-4E40-9F28-AF1967C96143}"
EndProject
Project("{9A19103F-16F7-4668-BE54-9A1E7A4F7556}") = "Transverse.Types.StringExtension", "Transverse.Types.StringExtension\Transverse.Types.StringExtension.csproj", "{ECE26726-27BF-4042-AEF7-A237CBD266F6}"
EndProject
Project("{9A19103F-16F7-4668-BE54-9A1E7A4F7556}") = "Transverse.Types.Var", "Transverse.Types.Var\Transverse.Types.Var.csproj", "{1CF3B3FA-FC22-443E-8E7E-B751C016F9D1}"
EndProject
Project("{9A19103F-16F7-4668-BE54-9A1E7A4F7556}") = "_Launcher", "_Launcher\_Launcher.csproj", "{EE3CE6F3-7C62-458E-BD98-30155FEFE712}"
EndProject
Project("{9A19103F-16F7-4668-BE54-9A1E7A4F7556}") = "Transverse.Infrastructure", "Transverse.Infrastructure\Transverse.Infrastructure.csproj", "{B175AA69-212A-46A1-B1C7-806E4C60D206}"
EndProject
Project("{2150E333-8FDC-42A3-9474-1A3956D46DE8}") = "Server", "Server", "{4F6871BA-A8B6-406B-AFBA-E010C3A3466B}"
EndProject
Project("{9A19103F-16F7-4668-BE54-9A1E7A4F7556}") = "Transverse.Infrastructure.Persistence.DB.Server", "Transverse.Infrastructure.Persistence.DB.Server\Transverse.Infrastructure.Persistence.DB.Server.csproj", "{973DB566-64DE-4CE3-841B-896F245970AD}"
EndProject
Project("{9A19103F-16F7-4668-BE54-9A1E7A4F7556}") = "Transverse.Infrastructure.Persistence.DB.Server.Sql", "Transverse.Infrastructure.Persistence.DB.Server.Sql\Transverse.Infrastructure.Persistence.DB.Server.Sql.csproj", "{08919BB7-E56E-4D19-B554-DC81856E74F9}"
EndProject
Project("{2150E333-8FDC-42A3-9474-1A3956D46DE8}") = "Sql", "Sql", "{041F5698-F54B-4FD5-9EB1-5ACF25C061FE}"
EndProject
Project("{9A19103F-16F7-4668-BE54-9A1E7A4F7556}") = "Transverse.Infrastructure.Persistence.DB.Server.Sql.Interfaces", "Transverse.Infrastructure.Persistence.DB.Server.Sql.Interfaces\Transverse.Infrastructure.Persistence.DB.Server.Sql.Interfaces.csproj", "{E0081921-83E4-4C20-897E-E6117F435435}"
EndProject
Project("{9A19103F-16F7-4668-BE54-9A1E7A4F7556}") = "Transverse.Infrastructure.Persistence.DB.Server.Sql.MySql", "Transverse.Infrastructure.Persistence.DB.Server.Sql.MySql\Transverse.Infrastructure.Persistence.DB.Server.Sql.MySql.csproj", "{0FBAF2F6-A34E-413E-BE5A-7929AC01A171}"
EndProject
Project("{2150E333-8FDC-42A3-9474-1A3956D46DE8}") = "Database", "Database", "{F3824C2A-D0E4-4ECF-9A5E-5127DB34AD48}"
EndProject
Project("{FAE04EC0-301F-11D3-BF4B-00C04F79EFBC}") = "Transverse.Infrastructure.Persistence.DB.Database", "Transverse.Infrastructure.Persistence.DB.Database\Transverse.Infrastructure.Persistence.DB.Database.csproj", "{56E01BDB-5153-42AA-858C-8E6B8A316F23}"
EndProject
Global
	GlobalSection(SolutionConfigurationPlatforms) = preSolution
		Debug|Any CPU = Debug|Any CPU
		Release|Any CPU = Release|Any CPU
	EndGlobalSection
	GlobalSection(ProjectConfigurationPlatforms) = postSolution
		{AE1A19E9-3E4F-4FE8-9265-605C4D126C35}.Debug|Any CPU.ActiveCfg = Debug|Any CPU
		{AE1A19E9-3E4F-4FE8-9265-605C4D126C35}.Debug|Any CPU.Build.0 = Debug|Any CPU
		{AE1A19E9-3E4F-4FE8-9265-605C4D126C35}.Release|Any CPU.ActiveCfg = Release|Any CPU
		{AE1A19E9-3E4F-4FE8-9265-605C4D126C35}.Release|Any CPU.Build.0 = Release|Any CPU
		{7D8C6E66-1D70-4A5C-8277-7611FFA25CE9}.Debug|Any CPU.ActiveCfg = Debug|Any CPU
		{7D8C6E66-1D70-4A5C-8277-7611FFA25CE9}.Debug|Any CPU.Build.0 = Debug|Any CPU
		{7D8C6E66-1D70-4A5C-8277-7611FFA25CE9}.Release|Any CPU.ActiveCfg = Release|Any CPU
		{7D8C6E66-1D70-4A5C-8277-7611FFA25CE9}.Release|Any CPU.Build.0 = Release|Any CPU
		{3C9FAF92-E64E-43A2-B7BE-7549B7660264}.Debug|Any CPU.ActiveCfg = Debug|Any CPU
		{3C9FAF92-E64E-43A2-B7BE-7549B7660264}.Debug|Any CPU.Build.0 = Debug|Any CPU
		{3C9FAF92-E64E-43A2-B7BE-7549B7660264}.Release|Any CPU.ActiveCfg = Release|Any CPU
		{3C9FAF92-E64E-43A2-B7BE-7549B7660264}.Release|Any CPU.Build.0 = Release|Any CPU
		{E76CE17A-E45B-42E9-9E95-85DC10663CC8}.Debug|Any CPU.ActiveCfg = Debug|Any CPU
		{E76CE17A-E45B-42E9-9E95-85DC10663CC8}.Debug|Any CPU.Build.0 = Debug|Any CPU
		{E76CE17A-E45B-42E9-9E95-85DC10663CC8}.Release|Any CPU.ActiveCfg = Release|Any CPU
		{E76CE17A-E45B-42E9-9E95-85DC10663CC8}.Release|Any CPU.Build.0 = Release|Any CPU
		{EB7A3F69-FFEC-4F1F-BFB5-C8A42E52FD3D}.Debug|Any CPU.ActiveCfg = Debug|Any CPU
		{EB7A3F69-FFEC-4F1F-BFB5-C8A42E52FD3D}.Debug|Any CPU.Build.0 = Debug|Any CPU
		{EB7A3F69-FFEC-4F1F-BFB5-C8A42E52FD3D}.Release|Any CPU.ActiveCfg = Release|Any CPU
		{EB7A3F69-FFEC-4F1F-BFB5-C8A42E52FD3D}.Release|Any CPU.Build.0 = Release|Any CPU
		{AF410027-CB6B-43F8-9400-331926C082D0}.Debug|Any CPU.ActiveCfg = Debug|Any CPU
		{AF410027-CB6B-43F8-9400-331926C082D0}.Debug|Any CPU.Build.0 = Debug|Any CPU
		{AF410027-CB6B-43F8-9400-331926C082D0}.Release|Any CPU.ActiveCfg = Release|Any CPU
		{AF410027-CB6B-43F8-9400-331926C082D0}.Release|Any CPU.Build.0 = Release|Any CPU
		{ECE26726-27BF-4042-AEF7-A237CBD266F6}.Debug|Any CPU.ActiveCfg = Debug|Any CPU
		{ECE26726-27BF-4042-AEF7-A237CBD266F6}.Debug|Any CPU.Build.0 = Debug|Any CPU
		{ECE26726-27BF-4042-AEF7-A237CBD266F6}.Release|Any CPU.ActiveCfg = Release|Any CPU
		{ECE26726-27BF-4042-AEF7-A237CBD266F6}.Release|Any CPU.Build.0 = Release|Any CPU
		{1CF3B3FA-FC22-443E-8E7E-B751C016F9D1}.Debug|Any CPU.ActiveCfg = Debug|Any CPU
		{1CF3B3FA-FC22-443E-8E7E-B751C016F9D1}.Debug|Any CPU.Build.0 = Debug|Any CPU
		{1CF3B3FA-FC22-443E-8E7E-B751C016F9D1}.Release|Any CPU.ActiveCfg = Release|Any CPU
		{1CF3B3FA-FC22-443E-8E7E-B751C016F9D1}.Release|Any CPU.Build.0 = Release|Any CPU
		{EE3CE6F3-7C62-458E-BD98-30155FEFE712}.Debug|Any CPU.ActiveCfg = Debug|Any CPU
		{EE3CE6F3-7C62-458E-BD98-30155FEFE712}.Debug|Any CPU.Build.0 = Debug|Any CPU
		{EE3CE6F3-7C62-458E-BD98-30155FEFE712}.Release|Any CPU.ActiveCfg = Release|Any CPU
		{EE3CE6F3-7C62-458E-BD98-30155FEFE712}.Release|Any CPU.Build.0 = Release|Any CPU
		{B175AA69-212A-46A1-B1C7-806E4C60D206}.Debug|Any CPU.ActiveCfg = Debug|Any CPU
		{B175AA69-212A-46A1-B1C7-806E4C60D206}.Debug|Any CPU.Build.0 = Debug|Any CPU
		{B175AA69-212A-46A1-B1C7-806E4C60D206}.Release|Any CPU.ActiveCfg = Release|Any CPU
		{B175AA69-212A-46A1-B1C7-806E4C60D206}.Release|Any CPU.Build.0 = Release|Any CPU
		{973DB566-64DE-4CE3-841B-896F245970AD}.Debug|Any CPU.ActiveCfg = Debug|Any CPU
		{973DB566-64DE-4CE3-841B-896F245970AD}.Debug|Any CPU.Build.0 = Debug|Any CPU
		{973DB566-64DE-4CE3-841B-896F245970AD}.Release|Any CPU.ActiveCfg = Release|Any CPU
		{973DB566-64DE-4CE3-841B-896F245970AD}.Release|Any CPU.Build.0 = Release|Any CPU
		{08919BB7-E56E-4D19-B554-DC81856E74F9}.Debug|Any CPU.ActiveCfg = Debug|Any CPU
		{08919BB7-E56E-4D19-B554-DC81856E74F9}.Debug|Any CPU.Build.0 = Debug|Any CPU
		{08919BB7-E56E-4D19-B554-DC81856E74F9}.Release|Any CPU.ActiveCfg = Release|Any CPU
		{08919BB7-E56E-4D19-B554-DC81856E74F9}.Release|Any CPU.Build.0 = Release|Any CPU
		{E0081921-83E4-4C20-897E-E6117F435435}.Debug|Any CPU.ActiveCfg = Debug|Any CPU
		{E0081921-83E4-4C20-897E-E6117F435435}.Debug|Any CPU.Build.0 = Debug|Any CPU
		{E0081921-83E4-4C20-897E-E6117F435435}.Release|Any CPU.ActiveCfg = Release|Any CPU
		{E0081921-83E4-4C20-897E-E6117F435435}.Release|Any CPU.Build.0 = Release|Any CPU
		{0FBAF2F6-A34E-413E-BE5A-7929AC01A171}.Debug|Any CPU.ActiveCfg = Debug|Any CPU
		{0FBAF2F6-A34E-413E-BE5A-7929AC01A171}.Debug|Any CPU.Build.0 = Debug|Any CPU
		{0FBAF2F6-A34E-413E-BE5A-7929AC01A171}.Release|Any CPU.ActiveCfg = Release|Any CPU
		{0FBAF2F6-A34E-413E-BE5A-7929AC01A171}.Release|Any CPU.Build.0 = Release|Any CPU
		{56E01BDB-5153-42AA-858C-8E6B8A316F23}.Debug|Any CPU.ActiveCfg = Debug|Any CPU
		{56E01BDB-5153-42AA-858C-8E6B8A316F23}.Debug|Any CPU.Build.0 = Debug|Any CPU
		{56E01BDB-5153-42AA-858C-8E6B8A316F23}.Release|Any CPU.ActiveCfg = Release|Any CPU
		{56E01BDB-5153-42AA-858C-8E6B8A316F23}.Release|Any CPU.Build.0 = Release|Any CPU
	EndGlobalSection
	GlobalSection(SolutionProperties) = preSolution
		HideSolutionNode = FALSE
	EndGlobalSection
	GlobalSection(NestedProjects) = preSolution
		{AE1A19E9-3E4F-4FE8-9265-605C4D126C35} = {C27482F5-518F-4323-81D7-331C455ACB1C}
		{7D8C6E66-1D70-4A5C-8277-7611FFA25CE9} = {C27482F5-518F-4323-81D7-331C455ACB1C}
		{DD3841A1-B7FA-4B10-8750-B486C97A43EA} = {D5B66B5C-4778-42BF-9642-07CE24DB69D4}
		{7DDCF5E1-B9A9-4D0A-BDFE-777C3A78614D} = {DD3841A1-B7FA-4B10-8750-B486C97A43EA}
		{C27482F5-518F-4323-81D7-331C455ACB1C} = {7DDCF5E1-B9A9-4D0A-BDFE-777C3A78614D}
		{1FD94A5E-2D3A-4DBA-A07E-8C804E91B9BB} = {F8D9F6FD-6AF4-46DB-938A-32577C65FF23}
		{27364494-8AB8-4F74-88C9-33B29E448CD9} = {1FD94A5E-2D3A-4DBA-A07E-8C804E91B9BB}
		{EE8ADEAA-B53A-4A24-A4F9-FBC15456B8EE} = {27364494-8AB8-4F74-88C9-33B29E448CD9}
		{7B66731E-7F99-40C6-9E06-9C8E5D2C7815} = {EE8ADEAA-B53A-4A24-A4F9-FBC15456B8EE}
		{3C9FAF92-E64E-43A2-B7BE-7549B7660264} = {7B66731E-7F99-40C6-9E06-9C8E5D2C7815}
		{E76CE17A-E45B-42E9-9E95-85DC10663CC8} = {7B66731E-7F99-40C6-9E06-9C8E5D2C7815}
		{EB7A3F69-FFEC-4F1F-BFB5-C8A42E52FD3D} = {7B66731E-7F99-40C6-9E06-9C8E5D2C7815}
		{DA1C0829-3317-4494-AE40-1A67501F8EC8} = {1FD94A5E-2D3A-4DBA-A07E-8C804E91B9BB}
		{AF410027-CB6B-43F8-9400-331926C082D0} = {DA1C0829-3317-4494-AE40-1A67501F8EC8}
		{E636C238-5D1D-4E40-9F28-AF1967C96143} = {F8D9F6FD-6AF4-46DB-938A-32577C65FF23}
		{ECE26726-27BF-4042-AEF7-A237CBD266F6} = {E636C238-5D1D-4E40-9F28-AF1967C96143}
		{1CF3B3FA-FC22-443E-8E7E-B751C016F9D1} = {E636C238-5D1D-4E40-9F28-AF1967C96143}
		{B175AA69-212A-46A1-B1C7-806E4C60D206} = {1FD94A5E-2D3A-4DBA-A07E-8C804E91B9BB}
		{4F6871BA-A8B6-406B-AFBA-E010C3A3466B} = {EE8ADEAA-B53A-4A24-A4F9-FBC15456B8EE}
		{973DB566-64DE-4CE3-841B-896F245970AD} = {4F6871BA-A8B6-406B-AFBA-E010C3A3466B}
		{08919BB7-E56E-4D19-B554-DC81856E74F9} = {041F5698-F54B-4FD5-9EB1-5ACF25C061FE}
		{041F5698-F54B-4FD5-9EB1-5ACF25C061FE} = {4F6871BA-A8B6-406B-AFBA-E010C3A3466B}
		{E0081921-83E4-4C20-897E-E6117F435435} = {041F5698-F54B-4FD5-9EB1-5ACF25C061FE}
		{0FBAF2F6-A34E-413E-BE5A-7929AC01A171} = {041F5698-F54B-4FD5-9EB1-5ACF25C061FE}
		{F3824C2A-D0E4-4ECF-9A5E-5127DB34AD48} = {EE8ADEAA-B53A-4A24-A4F9-FBC15456B8EE}
		{56E01BDB-5153-42AA-858C-8E6B8A316F23} = {F3824C2A-D0E4-4ECF-9A5E-5127DB34AD48}
	EndGlobalSection
	GlobalSection(ExtensibilityGlobals) = postSolution
		SolutionGuid = {99CA0526-B378-4809-B99F-784B3E91EFDD}
	EndGlobalSection
EndGlobal
